// !$*UTF8*$!
{
	archiveVersion = 1;
	classes = {
	};
	objectVersion = 50;
	objects = {

/* Begin PBXBuildFile section */
		BC00BBB42556F6B00019A448 /* AppDelegate.m in Sources */ = {isa = PBXBuildFile; fileRef = BC00BBB32556F6B00019A448 /* AppDelegate.m */; };
		BC00BBB72556F6B00019A448 /* SceneDelegate.m in Sources */ = {isa = PBXBuildFile; fileRef = BC00BBB62556F6B00019A448 /* SceneDelegate.m */; };
		BC00BBBA2556F6B00019A448 /* ViewController.m in Sources */ = {isa = PBXBuildFile; fileRef = BC00BBB92556F6B00019A448 /* ViewController.m */; };
		BC00BBBD2556F6B00019A448 /* Main.storyboard in Resources */ = {isa = PBXBuildFile; fileRef = BC00BBBB2556F6B00019A448 /* Main.storyboard */; };
		BC00BBC02556F6B00019A448 /* Hello_World.xcdatamodeld in Sources */ = {isa = PBXBuildFile; fileRef = BC00BBBE2556F6B00019A448 /* Hello_World.xcdatamodeld */; };
		BC00BBC22556F6B40019A448 /* Assets.xcassets in Resources */ = {isa = PBXBuildFile; fileRef = BC00BBC12556F6B40019A448 /* Assets.xcassets */; };
		BC00BBC52556F6B40019A448 /* LaunchScreen.storyboard in Resources */ = {isa = PBXBuildFile; fileRef = BC00BBC32556F6B40019A448 /* LaunchScreen.storyboard */; };
		BC00BBC82556F6B40019A448 /* main.m in Sources */ = {isa = PBXBuildFile; fileRef = BC00BBC72556F6B40019A448 /* main.m */; };
/* End PBXBuildFile section */

/* Begin PBXFileReference section */
		BC00BBAF2556F6B00019A448 /* Hello World.app */ = {isa = PBXFileReference; explicitFileType = wrapper.application; includeInIndex = 0; path = "Hello World.app"; sourceTree = BUILT_PRODUCTS_DIR; };
		BC00BBB22556F6B00019A448 /* AppDelegate.h */ = {isa = PBXFileReference; lastKnownFileType = sourcecode.c.h; path = AppDelegate.h; sourceTree = "<group>"; };
		BC00BBB32556F6B00019A448 /* AppDelegate.m */ = {isa = PBXFileReference; lastKnownFileType = sourcecode.c.objc; path = AppDelegate.m; sourceTree = "<group>"; };
		BC00BBB52556F6B00019A448 /* SceneDelegate.h */ = {isa = PBXFileReference; lastKnownFileType = sourcecode.c.h; path = SceneDelegate.h; sourceTree = "<group>"; };
		BC00BBB62556F6B00019A448 /* SceneDelegate.m */ = {isa = PBXFileReference; lastKnownFileType = sourcecode.c.objc; path = SceneDelegate.m; sourceTree = "<group>"; };
		BC00BBB82556F6B00019A448 /* ViewController.h */ = {isa = PBXFileReference; lastKnownFileType = sourcecode.c.h; path = ViewController.h; sourceTree = "<group>"; };
		BC00BBB92556F6B00019A448 /* ViewController.m */ = {isa = PBXFileReference; lastKnownFileType = sourcecode.c.objc; path = ViewController.m; sourceTree = "<group>"; };
		BC00BBBC2556F6B00019A448 /* Base */ = {isa = PBXFileReference; lastKnownFileType = file.storyboard; name = Base; path = Base.lproj/Main.storyboard; sourceTree = "<group>"; };
		BC00BBBF2556F6B00019A448 /* Hello_World.xcdatamodel */ = {isa = PBXFileReference; lastKnownFileType = wrapper.xcdatamodel; path = Hello_World.xcdatamodel; sourceTree = "<group>"; };
		BC00BBC12556F6B40019A448 /* Assets.xcassets */ = {isa = PBXFileReference; lastKnownFileType = folder.assetcatalog; path = Assets.xcassets; sourceTree = "<group>"; };
		BC00BBC42556F6B40019A448 /* Base */ = {isa = PBXFileReference; lastKnownFileType = file.storyboard; name = Base; path = Base.lproj/LaunchScreen.storyboard; sourceTree = "<group>"; };
		BC00BBC62556F6B40019A448 /* Info.plist */ = {isa = PBXFileReference; lastKnownFileType = text.plist.xml; path = Info.plist; sourceTree = "<group>"; };
		BC00BBC72556F6B40019A448 /* main.m */ = {isa = PBXFileReference; lastKnownFileType = sourcecode.c.objc; path = main.m; sourceTree = "<group>"; };
/* End PBXFileReference section */

/* Begin PBXFrameworksBuildPhase section */
		BC00BBAC2556F6B00019A448 /* Frameworks */ = {
			isa = PBXFrameworksBuildPhase;
			buildActionMask = 2147483647;
			files = (
			);
			runOnlyForDeploymentPostprocessing = 0;
		};
/* End PBXFrameworksBuildPhase section */

/* Begin PBXGroup section */
		BC00BBA62556F6B00019A448 = {
			isa = PBXGroup;
			children = (
				BC00BBB12556F6B00019A448 /* Hello World */,
				BC00BBB02556F6B00019A448 /* Products */,
			);
			sourceTree = "<group>";
		};
		BC00BBB02556F6B00019A448 /* Products */ = {
			isa = PBXGroup;
			children = (
				BC00BBAF2556F6B00019A448 /* Hello World.app */,
			);
			name = Products;
			sourceTree = "<group>";
		};
		BC00BBB12556F6B00019A448 /* Hello World */ = {
			isa = PBXGroup;
			children = (
				BC00BBB22556F6B00019A448 /* AppDelegate.h */,
				BC00BBB32556F6B00019A448 /* AppDelegate.m */,
				BC00BBB52556F6B00019A448 /* SceneDelegate.h */,
				BC00BBB62556F6B00019A448 /* SceneDelegate.m */,
				BC00BBB82556F6B00019A448 /* ViewController.h */,
				BC00BBB92556F6B00019A448 /* ViewController.m */,
				BC00BBBB2556F6B00019A448 /* Main.storyboard */,
				BC00BBC12556F6B40019A448 /* Assets.xcassets */,
				BC00BBC32556F6B40019A448 /* LaunchScreen.storyboard */,
				BC00BBC62556F6B40019A448 /* Info.plist */,
				BC00BBC72556F6B40019A448 /* main.m */,
				BC00BBBE2556F6B00019A448 /* Hello_World.xcdatamodeld */,
			);
			path = "Hello World";
			sourceTree = "<group>";
		};
/* End PBXGroup section */

/* Begin PBXNativeTarget section */
		BC00BBAE2556F6B00019A448 /* Hello World */ = {
			isa = PBXNativeTarget;
			buildConfigurationList = BC00BBCB2556F6B40019A448 /* Build configuration list for PBXNativeTarget "Hello World" */;
			buildPhases = (
				BC00BBAB2556F6B00019A448 /* Sources */,
				BC00BBAC2556F6B00019A448 /* Frameworks */,
				BC00BBAD2556F6B00019A448 /* Resources */,
			);
			buildRules = (
			);
			dependencies = (
			);
			name = "Hello World";
			productName = "Hello World";
			productReference = BC00BBAF2556F6B00019A448 /* Hello World.app */;
			productType = "com.apple.product-type.application";
		};
/* End PBXNativeTarget section */

/* Begin PBXProject section */
		BC00BBA72556F6B00019A448 /* Project object */ = {
			isa = PBXProject;
			attributes = {
				LastUpgradeCheck = 1160;
				ORGANIZATIONNAME = kebeeman;
				TargetAttributes = {
					BC00BBAE2556F6B00019A448 = {
						CreatedOnToolsVersion = 11.6;
					};
				};
			};
			buildConfigurationList = BC00BBAA2556F6B00019A448 /* Build configuration list for PBXProject "Hello World" */;
			compatibilityVersion = "Xcode 9.3";
			developmentRegion = en;
			hasScannedForEncodings = 0;
			knownRegions = (
				en,
				Base,
			);
			mainGroup = BC00BBA62556F6B00019A448;
			productRefGroup = BC00BBB02556F6B00019A448 /* Products */;
			projectDirPath = "";
			projectRoot = "";
			targets = (
				BC00BBAE2556F6B00019A448 /* Hello World */,
			);
		};
/* End PBXProject section */

/* Begin PBXResourcesBuildPhase section */
		BC00BBAD2556F6B00019A448 /* Resources */ = {
			isa = PBXResourcesBuildPhase;
			buildActionMask = 2147483647;
			files = (
				BC00BBC52556F6B40019A448 /* LaunchScreen.storyboard in Resources */,
				BC00BBC22556F6B40019A448 /* Assets.xcassets in Resources */,
				BC00BBBD2556F6B00019A448 /* Main.storyboard in Resources */,
			);
			runOnlyForDeploymentPostprocessing = 0;
		};
/* End PBXResourcesBuildPhase section */

/* Begin PBXSourcesBuildPhase section */
		BC00BBAB2556F6B00019A448 /* Sources */ = {
			isa = PBXSourcesBuildPhase;
			buildActionMask = 2147483647;
			files = (
				BC00BBC82556F6B40019A448 /* main.m in Sources */,
				BC00BBBA2556F6B00019A448 /* ViewController.m in Sources */,
				BC00BBB42556F6B00019A448 /* AppDelegate.m in Sources */,
				BC00BBB72556F6B00019A448 /* SceneDelegate.m in Sources */,
				BC00BBC02556F6B00019A448 /* Hello_World.xcdatamodeld in Sources */,
			);
			runOnlyForDeploymentPostprocessing = 0;
		};
/* End PBXSourcesBuildPhase section */

/* Begin PBXVariantGroup section */
		BC00BBBB2556F6B00019A448 /* Main.storyboard */ = {
			isa = PBXVariantGroup;
			children = (
				BC00BBBC2556F6B00019A448 /* Base */,
			);
			name = Main.storyboard;
			sourceTree = "<group>";
		};
		BC00BBC32556F6B40019A448 /* LaunchScreen.storyboard */ = {
			isa = PBXVariantGroup;
			children = (
				BC00BBC42556F6B40019A448 /* Base */,
			);
			name = LaunchScreen.storyboard;
			sourceTree = "<group>";
		};
/* End PBXVariantGroup section */

/* Begin XCBuildConfiguration section */
		BC00BBC92556F6B40019A448 /* Debug */ = {
			isa = XCBuildConfiguration;
			buildSettings = {
				ALWAYS_SEARCH_USER_PATHS = NO;
				CLANG_ANALYZER_NONNULL = YES;
				CLANG_ANALYZER_NUMBER_OBJECT_CONVERSION = YES_AGGRESSIVE;
				CLANG_CXX_LANGUAGE_STANDARD = "gnu++14";
				CLANG_CXX_LIBRARY = "libc++";
				CLANG_ENABLE_MODULES = YES;
				CLANG_ENABLE_OBJC_ARC = YES;
				CLANG_ENABLE_OBJC_WEAK = YES;
				CLANG_WARN_BLOCK_CAPTURE_AUTORELEASING = YES;
				CLANG_WARN_BOOL_CONVERSION = YES;
				CLANG_WARN_COMMA = YES;
				CLANG_WARN_CONSTANT_CONVERSION = YES;
				CLANG_WARN_DEPRECATED_OBJC_IMPLEMENTATIONS = YES;
				CLANG_WARN_DIRECT_OBJC_ISA_USAGE = YES_ERROR;
				CLANG_WARN_DOCUMENTATION_COMMENTS = YES;
				CLANG_WARN_EMPTY_BODY = YES;
				CLANG_WARN_ENUM_CONVERSION = YES;
				CLANG_WARN_INFINITE_RECURSION = YES;
				CLANG_WARN_INT_CONVERSION = YES;
				CLANG_WARN_NON_LITERAL_NULL_CONVERSION = YES;
				CLANG_WARN_OBJC_IMPLICIT_RETAIN_SELF = YES;
				CLANG_WARN_OBJC_LITERAL_CONVERSION = YES;
				CLANG_WARN_OBJC_ROOT_CLASS = YES_ERROR;
				CLANG_WARN_RANGE_LOOP_ANALYSIS = YES;
				CLANG_WARN_STRICT_PROTOTYPES = YES;
				CLANG_WARN_SUSPICIOUS_MOVE = YES;
				CLANG_WARN_UNGUARDED_AVAILABILITY = YES_AGGRESSIVE;
				CLANG_WARN_UNREACHABLE_CODE = YES;
				CLANG_WARN__DUPLICATE_METHOD_MATCH = YES;
				COPY_PHASE_STRIP = NO;
				DEBUG_INFORMATION_FORMAT = dwarf;
				ENABLE_STRICT_OBJC_MSGSEND = YES;
				ENABLE_TESTABILITY = YES;
				GCC_C_LANGUAGE_STANDARD = gnu11;
				GCC_DYNAMIC_NO_PIC = NO;
				GCC_NO_COMMON_BLOCKS = YES;
				GCC_OPTIMIZATION_LEVEL = 0;
				GCC_PREPROCESSOR_DEFINITIONS = (
					"DEBUG=1",
					"$(inherited)",
				);
				GCC_WARN_64_TO_32_BIT_CONVERSION = YES;
				GCC_WARN_ABOUT_RETURN_TYPE = YES_ERROR;
				GCC_WARN_UNDECLARED_SELECTOR = YES;
				GCC_WARN_UNINITIALIZED_AUTOS = YES_AGGRESSIVE;
				GCC_WARN_UNUSED_FUNCTION = YES;
				GCC_WARN_UNUSED_VARIABLE = YES;
				IPHONEOS_DEPLOYMENT_TARGET = 13.6;
				MTL_ENABLE_DEBUG_INFO = INCLUDE_SOURCE;
				MTL_FAST_MATH = YES;
				ONLY_ACTIVE_ARCH = YES;
				SDKROOT = iphoneos;
			};
			name = Debug;
		};
		BC00BBCA2556F6B40019A448 /* Release */ = {
			isa = XCBuildConfiguration;
			buildSettings = {
				ALWAYS_SEARCH_USER_PATHS = NO;
				CLANG_ANALYZER_NONNULL = YES;
				CLANG_ANALYZER_NUMBER_OBJECT_CONVERSION = YES_AGGRESSIVE;
				CLANG_CXX_LANGUAGE_STANDARD = "gnu++14";
				CLANG_CXX_LIBRARY = "libc++";
				CLANG_ENABLE_MODULES = YES;
				CLANG_ENABLE_OBJC_ARC = YES;
				CLANG_ENABLE_OBJC_WEAK = YES;
				CLANG_WARN_BLOCK_CAPTURE_AUTORELEASING = YES;
				CLANG_WARN_BOOL_CONVERSION = YES;
				CLANG_WARN_COMMA = YES;
				CLANG_WARN_CONSTANT_CONVERSION = YES;
				CLANG_WARN_DEPRECATED_OBJC_IMPLEMENTATIONS = YES;
				CLANG_WARN_DIRECT_OBJC_ISA_USAGE = YES_ERROR;
				CLANG_WARN_DOCUMENTATION_COMMENTS = YES;
				CLANG_WARN_EMPTY_BODY = YES;
				CLANG_WARN_ENUM_CONVERSION = YES;
				CLANG_WARN_INFINITE_RECURSION = YES;
				CLANG_WARN_INT_CONVERSION = YES;
				CLANG_WARN_NON_LITERAL_NULL_CONVERSION = YES;
				CLANG_WARN_OBJC_IMPLICIT_RETAIN_SELF = YES;
				CLANG_WARN_OBJC_LITERAL_CONVERSION = YES;
				CLANG_WARN_OBJC_ROOT_CLASS = YES_ERROR;
				CLANG_WARN_RANGE_LOOP_ANALYSIS = YES;
				CLANG_WARN_STRICT_PROTOTYPES = YES;
				CLANG_WARN_SUSPICIOUS_MOVE = YES;
				CLANG_WARN_UNGUARDED_AVAILABILITY = YES_AGGRESSIVE;
				CLANG_WARN_UNREACHABLE_CODE = YES;
				CLANG_WARN__DUPLICATE_METHOD_MATCH = YES;
				COPY_PHASE_STRIP = NO;
				DEBUG_INFORMATION_FORMAT = "dwarf-with-dsym";
				ENABLE_NS_ASSERTIONS = NO;
				ENABLE_STRICT_OBJC_MSGSEND = YES;
				GCC_C_LANGUAGE_STANDARD = gnu11;
				GCC_NO_COMMON_BLOCKS = YES;
				GCC_WARN_64_TO_32_BIT_CONVERSION = YES;
				GCC_WARN_ABOUT_RETURN_TYPE = YES_ERROR;
				GCC_WARN_UNDECLARED_SELECTOR = YES;
				GCC_WARN_UNINITIALIZED_AUTOS = YES_AGGRESSIVE;
				GCC_WARN_UNUSED_FUNCTION = YES;
				GCC_WARN_UNUSED_VARIABLE = YES;
				IPHONEOS_DEPLOYMENT_TARGET = 13.6;
				MTL_ENABLE_DEBUG_INFO = NO;
				MTL_FAST_MATH = YES;
				SDKROOT = iphoneos;
				VALIDATE_PRODUCT = YES;
			};
			name = Release;
		};
		BC00BBCC2556F6B40019A448 /* Debug */ = {
			isa = XCBuildConfiguration;
			buildSettings = {
				ASSETCATALOG_COMPILER_APPICON_NAME = AppIcon;
				CODE_SIGN_STYLE = Automatic;
				INFOPLIST_FILE = "Hello World/Info.plist";
				LD_RUNPATH_SEARCH_PATHS = (
					"$(inherited)",
					"@executable_path/Frameworks",
				);
				PRODUCT_BUNDLE_IDENTIFIER = "kb.Hello-World";
				PRODUCT_NAME = "$(TARGET_NAME)";
				TARGETED_DEVICE_FAMILY = "1,2";
			};
			name = Debug;
		};
		BC00BBCD2556F6B40019A448 /* Release */ = {
			isa = XCBuildConfiguration;
			buildSettings = {
				ASSETCATALOG_COMPILER_APPICON_NAME = AppIcon;
				CODE_SIGN_STYLE = Automatic;
				INFOPLIST_FILE = "Hello World/Info.plist";
				LD_RUNPATH_SEARCH_PATHS = (
					"$(inherited)",
					"@executable_path/Frameworks",
				);
				PRODUCT_BUNDLE_IDENTIFIER = "kb.Hello-World";
				PRODUCT_NAME = "$(TARGET_NAME)";
				TARGETED_DEVICE_FAMILY = "1,2";
			};
			name = Release;
		};
/* End XCBuildConfiguration section */

/* Begin XCConfigurationList section */
		BC00BBAA2556F6B00019A448 /* Build configuration list for PBXProject "Hello World" */ = {
			isa = XCConfigurationList;
			buildConfigurations = (
				BC00BBC92556F6B40019A448 /* Debug */,
				BC00BBCA2556F6B40019A448 /* Release */,
			);
			defaultConfigurationIsVisible = 0;
			defaultConfigurationName = Release;
		};
		BC00BBCB2556F6B40019A448 /* Build configuration list for PBXNativeTarget "Hello World" */ = {
			isa = XCConfigurationList;
			buildConfigurations = (
				BC00BBCC2556F6B40019A448 /* Debug */,
				BC00BBCD2556F6B40019A448 /* Release */,
			);
			defaultConfigurationIsVisible = 0;
			defaultConfigurationName = Release;
		};
/* End XCConfigurationList section */

/* Begin XCVersionGroup section */
		BC00BBBE2556F6B00019A448 /* Hello_World.xcdatamodeld */ = {
			isa = XCVersionGroup;
			children = (
				BC00BBBF2556F6B00019A448 /* Hello_World.xcdatamodel */,
			);
			currentVersion = BC00BBBF2556F6B00019A448 /* Hello_World.xcdatamodel */;
			path = Hello_World.xcdatamodeld;
			sourceTree = "<group>";
			versionGroupType = wrapper.xcdatamodel;
		};
/* End XCVersionGroup section */
	};
	rootObject = BC00BBA72556F6B00019A448 /* Project object */;
}
